
Microsoft Visual Studio Solution File, Format Version 12.00
# Visual Studio 14
VisualStudioVersion = 14.0.25420.1
MinimumVisualStudioVersion = 10.0.40219.1
Project("{FAE04EC0-301F-11D3-BF4B-00C04F79EFBC}") = "westline", "westline\westline.csproj", "{A20A7DBE-3051-4496-8EF1-33731DE4C788}"
EndProject
Global
	GlobalSection(SolutionConfigurationPlatforms) = preSolution
		Debug|Any CPU = Debug|Any CPU
		Release|Any CPU = Release|Any CPU
	EndGlobalSection
	GlobalSection(ProjectConfigurationPlatforms) = postSolution
		{A20A7DBE-3051-4496-8EF1-33731DE4C788}.Debug|Any CPU.ActiveCfg = Debug|Any CPU
		{A20A7DBE-3051-4496-8EF1-33731DE4C788}.Debug|Any CPU.Build.0 = Debug|Any CPU
		{A20A7DBE-3051-4496-8EF1-33731DE4C788}.Release|Any CPU.ActiveCfg = Release|Any CPU
		{A20A7DBE-3051-4496-8EF1-33731DE4C788}.Release|Any CPU.Build.0 = Release|Any CPU
	EndGlobalSection
	GlobalSection(SolutionProperties) = preSolution
		HideSolutionNode = FALSE
	EndGlobalSection
EndGlobal
